
Microsoft Visual Studio Solution File, Format Version 12.00
# Visual Studio Version 16
VisualStudioVersion = 16.0.31129.286
MinimumVisualStudioVersion = 10.0.40219.1
Project("{FAE04EC0-301F-11D3-BF4B-00C04F79EFBC}") = "WebApplication", "WebApplication\WebApplication.csproj", "{3315EF50-3D89-4706-839B-63FE3DEA921F}"
EndProject
Global
	GlobalSection(SolutionConfigurationPlatforms) = preSolution
		Debug|Any CPU = Debug|Any CPU
		Release|Any CPU = Release|Any CPU
	EndGlobalSection
	GlobalSection(ProjectConfigurationPlatforms) = postSolution
		{3315EF50-3D89-4706-839B-63FE3DEA921F}.Debug|Any CPU.ActiveCfg = Debug|Any CPU
		{3315EF50-3D89-4706-839B-63FE3DEA921F}.Debug|Any CPU.Build.0 = Debug|Any CPU
		{3315EF50-3D89-4706-839B-63FE3DEA921F}.Release|Any CPU.ActiveCfg = Release|Any CPU
		{3315EF50-3D89-4706-839B-63FE3DEA921F}.Release|Any CPU.Build.0 = Release|Any CPU
	EndGlobalSection
	GlobalSection(SolutionProperties) = preSolution
		HideSolutionNode = FALSE
	EndGlobalSection
	GlobalSection(ExtensibilityGlobals) = postSolution
		SolutionGuid = {2E858B71-7679-495B-8124-BB838C40066E}
	EndGlobalSection
EndGlobal
